
Microsoft Visual Studio Solution File, Format Version 12.00
# Visual Studio 15
VisualStudioVersion = 15.0.26124.0
MinimumVisualStudioVersion = 15.0.26124.0
Project("{FAE04EC0-301F-11D3-BF4B-00C04F79EFBC}") = "popsDiner", "popsDiner\popsDiner.csproj", "{D41CFC26-A1F7-499D-99A4-A662483B57C9}"
EndProject
Project("{FAE04EC0-301F-11D3-BF4B-00C04F79EFBC}") = "Application", "Application\Application.csproj", "{430785A7-4AAB-4EE4-A7C3-F09756231298}"
EndProject
Project("{FAE04EC0-301F-11D3-BF4B-00C04F79EFBC}") = "Domain", "Domain\Domain.csproj", "{D32ABFBA-202A-4665-816C-56A7FBDB1037}"
EndProject
Project("{FAE04EC0-301F-11D3-BF4B-00C04F79EFBC}") = "Infrastructure", "Infrastructure\Infrastructure.csproj", "{62707037-5BC5-4838-889A-13BF2DA8E05E}"
EndProject
Global
	GlobalSection(SolutionConfigurationPlatforms) = preSolution
		Debug|Any CPU = Debug|Any CPU
		Debug|x64 = Debug|x64
		Debug|x86 = Debug|x86
		Release|Any CPU = Release|Any CPU
		Release|x64 = Release|x64
		Release|x86 = Release|x86
	EndGlobalSection
	GlobalSection(SolutionProperties) = preSolution
		HideSolutionNode = FALSE
	EndGlobalSection
	GlobalSection(ProjectConfigurationPlatforms) = postSolution
		{D41CFC26-A1F7-499D-99A4-A662483B57C9}.Debug|Any CPU.ActiveCfg = Debug|Any CPU
		{D41CFC26-A1F7-499D-99A4-A662483B57C9}.Debug|Any CPU.Build.0 = Debug|Any CPU
		{D41CFC26-A1F7-499D-99A4-A662483B57C9}.Debug|x64.ActiveCfg = Debug|Any CPU
		{D41CFC26-A1F7-499D-99A4-A662483B57C9}.Debug|x64.Build.0 = Debug|Any CPU
		{D41CFC26-A1F7-499D-99A4-A662483B57C9}.Debug|x86.ActiveCfg = Debug|Any CPU
		{D41CFC26-A1F7-499D-99A4-A662483B57C9}.Debug|x86.Build.0 = Debug|Any CPU
		{D41CFC26-A1F7-499D-99A4-A662483B57C9}.Release|Any CPU.ActiveCfg = Release|Any CPU
		{D41CFC26-A1F7-499D-99A4-A662483B57C9}.Release|Any CPU.Build.0 = Release|Any CPU
		{D41CFC26-A1F7-499D-99A4-A662483B57C9}.Release|x64.ActiveCfg = Release|Any CPU
		{D41CFC26-A1F7-499D-99A4-A662483B57C9}.Release|x64.Build.0 = Release|Any CPU
		{D41CFC26-A1F7-499D-99A4-A662483B57C9}.Release|x86.ActiveCfg = Release|Any CPU
		{D41CFC26-A1F7-499D-99A4-A662483B57C9}.Release|x86.Build.0 = Release|Any CPU
		{430785A7-4AAB-4EE4-A7C3-F09756231298}.Debug|Any CPU.ActiveCfg = Debug|Any CPU
		{430785A7-4AAB-4EE4-A7C3-F09756231298}.Debug|Any CPU.Build.0 = Debug|Any CPU
		{430785A7-4AAB-4EE4-A7C3-F09756231298}.Debug|x64.ActiveCfg = Debug|Any CPU
		{430785A7-4AAB-4EE4-A7C3-F09756231298}.Debug|x64.Build.0 = Debug|Any CPU
		{430785A7-4AAB-4EE4-A7C3-F09756231298}.Debug|x86.ActiveCfg = Debug|Any CPU
		{430785A7-4AAB-4EE4-A7C3-F09756231298}.Debug|x86.Build.0 = Debug|Any CPU
		{430785A7-4AAB-4EE4-A7C3-F09756231298}.Release|Any CPU.ActiveCfg = Release|Any CPU
		{430785A7-4AAB-4EE4-A7C3-F09756231298}.Release|Any CPU.Build.0 = Release|Any CPU
		{430785A7-4AAB-4EE4-A7C3-F09756231298}.Release|x64.ActiveCfg = Release|Any CPU
		{430785A7-4AAB-4EE4-A7C3-F09756231298}.Release|x64.Build.0 = Release|Any CPU
		{430785A7-4AAB-4EE4-A7C3-F09756231298}.Release|x86.ActiveCfg = Release|Any CPU
		{430785A7-4AAB-4EE4-A7C3-F09756231298}.Release|x86.Build.0 = Release|Any CPU
		{D32ABFBA-202A-4665-816C-56A7FBDB1037}.Debug|Any CPU.ActiveCfg = Debug|Any CPU
		{D32ABFBA-202A-4665-816C-56A7FBDB1037}.Debug|Any CPU.Build.0 = Debug|Any CPU
		{D32ABFBA-202A-4665-816C-56A7FBDB1037}.Debug|x64.ActiveCfg = Debug|Any CPU
		{D32ABFBA-202A-4665-816C-56A7FBDB1037}.Debug|x64.Build.0 = Debug|Any CPU
		{D32ABFBA-202A-4665-816C-56A7FBDB1037}.Debug|x86.ActiveCfg = Debug|Any CPU
		{D32ABFBA-202A-4665-816C-56A7FBDB1037}.Debug|x86.Build.0 = Debug|Any CPU
		{D32ABFBA-202A-4665-816C-56A7FBDB1037}.Release|Any CPU.ActiveCfg = Release|Any CPU
		{D32ABFBA-202A-4665-816C-56A7FBDB1037}.Release|Any CPU.Build.0 = Release|Any CPU
		{D32ABFBA-202A-4665-816C-56A7FBDB1037}.Release|x64.ActiveCfg = Release|Any CPU
		{D32ABFBA-202A-4665-816C-56A7FBDB1037}.Release|x64.Build.0 = Release|Any CPU
		{D32ABFBA-202A-4665-816C-56A7FBDB1037}.Release|x86.ActiveCfg = Release|Any CPU
		{D32ABFBA-202A-4665-816C-56A7FBDB1037}.Release|x86.Build.0 = Release|Any CPU
		{62707037-5BC5-4838-889A-13BF2DA8E05E}.Debug|Any CPU.ActiveCfg = Debug|Any CPU
		{62707037-5BC5-4838-889A-13BF2DA8E05E}.Debug|Any CPU.Build.0 = Debug|Any CPU
		{62707037-5BC5-4838-889A-13BF2DA8E05E}.Debug|x64.ActiveCfg = Debug|Any CPU
		{62707037-5BC5-4838-889A-13BF2DA8E05E}.Debug|x64.Build.0 = Debug|Any CPU
		{62707037-5BC5-4838-889A-13BF2DA8E05E}.Debug|x86.ActiveCfg = Debug|Any CPU
		{62707037-5BC5-4838-889A-13BF2DA8E05E}.Debug|x86.Build.0 = Debug|Any CPU
		{62707037-5BC5-4838-889A-13BF2DA8E05E}.Release|Any CPU.ActiveCfg = Release|Any CPU
		{62707037-5BC5-4838-889A-13BF2DA8E05E}.Release|Any CPU.Build.0 = Release|Any CPU
		{62707037-5BC5-4838-889A-13BF2DA8E05E}.Release|x64.ActiveCfg = Release|Any CPU
		{62707037-5BC5-4838-889A-13BF2DA8E05E}.Release|x64.Build.0 = Release|Any CPU
		{62707037-5BC5-4838-889A-13BF2DA8E05E}.Release|x86.ActiveCfg = Release|Any CPU
		{62707037-5BC5-4838-889A-13BF2DA8E05E}.Release|x86.Build.0 = Release|Any CPU
	EndGlobalSection
EndGlobal
